// !$*UTF8*$!
{
	archiveVersion = 1;
	classes = {
	};
	objectVersion = 46;
	objects = {

/* Begin PBXBuildFile section */
		D95F63831CA7AD540045C030 /* AppDelegate.swift in Sources */ = {isa = PBXBuildFile; fileRef = D95F63821CA7AD540045C030 /* AppDelegate.swift */; };
		D95F63851CA7AD540045C030 /* ViewController.swift in Sources */ = {isa = PBXBuildFile; fileRef = D95F63841CA7AD540045C030 /* ViewController.swift */; };
		D95F63881CA7AD540045C030 /* Main.storyboard in Resources */ = {isa = PBXBuildFile; fileRef = D95F63861CA7AD540045C030 /* Main.storyboard */; };
		D95F638A1CA7AD540045C030 /* Assets.xcassets in Resources */ = {isa = PBXBuildFile; fileRef = D95F63891CA7AD540045C030 /* Assets.xcassets */; };
		D95F638D1CA7AD540045C030 /* LaunchScreen.storyboard in Resources */ = {isa = PBXBuildFile; fileRef = D95F638B1CA7AD540045C030 /* LaunchScreen.storyboard */; };
		D95F63981CA7AD540045C030 /* sampleTests.swift in Sources */ = {isa = PBXBuildFile; fileRef = D95F63971CA7AD540045C030 /* sampleTests.swift */; };
		D95F63A31CA7AD540045C030 /* sampleUITests.swift in Sources */ = {isa = PBXBuildFile; fileRef = D95F63A21CA7AD540045C030 /* sampleUITests.swift */; };
/* End PBXBuildFile section */

/* Begin PBXContainerItemProxy section */
		D95F63941CA7AD540045C030 /* PBXContainerItemProxy */ = {
			isa = PBXContainerItemProxy;
			containerPortal = D95F63771CA7AD540045C030 /* Project object */;
			proxyType = 1;
			remoteGlobalIDString = D95F637E1CA7AD540045C030;
			remoteInfo = sample;
		};
		D95F639F1CA7AD540045C030 /* PBXContainerItemProxy */ = {
			isa = PBXContainerItemProxy;
			containerPortal = D95F63771CA7AD540045C030 /* Project object */;
			proxyType = 1;
			remoteGlobalIDString = D95F637E1CA7AD540045C030;
			remoteInfo = sample;
		};
/* End PBXContainerItemProxy section */

/* Begin PBXFileReference section */
		D95F637F1CA7AD540045C030 /* sample.app */ = {isa = PBXFileReference; explicitFileType = wrapper.application; includeInIndex = 0; path = sample.app; sourceTree = BUILT_PRODUCTS_DIR; };
		D95F63821CA7AD540045C030 /* AppDelegate.swift */ = {isa = PBXFileReference; lastKnownFileType = sourcecode.swift; path = AppDelegate.swift; sourceTree = "<group>"; };
		D95F63841CA7AD540045C030 /* ViewController.swift */ = {isa = PBXFileReference; lastKnownFileType = sourcecode.swift; path = ViewController.swift; sourceTree = "<group>"; };
		D95F63871CA7AD540045C030 /* Base */ = {isa = PBXFileReference; lastKnownFileType = file.storyboard; name = Base; path = Base.lproj/Main.storyboard; sourceTree = "<group>"; };
		D95F63891CA7AD540045C030 /* Assets.xcassets */ = {isa = PBXFileReference; lastKnownFileType = folder.assetcatalog; path = Assets.xcassets; sourceTree = "<group>"; };
		D95F638C1CA7AD540045C030 /* Base */ = {isa = PBXFileReference; lastKnownFileType = file.storyboard; name = Base; path = Base.lproj/LaunchScreen.storyboard; sourceTree = "<group>"; };
		D95F638E1CA7AD540045C030 /* Info.plist */ = {isa = PBXFileReference; lastKnownFileType = text.plist.xml; path = Info.plist; sourceTree = "<group>"; };
		D95F63931CA7AD540045C030 /* sampleTests.xctest */ = {isa = PBXFileReference; explicitFileType = wrapper.cfbundle; includeInIndex = 0; path = sampleTests.xctest; sourceTree = BUILT_PRODUCTS_DIR; };
		D95F63971CA7AD540045C030 /* sampleTests.swift */ = {isa = PBXFileReference; lastKnownFileType = sourcecode.swift; path = sampleTests.swift; sourceTree = "<group>"; };
		D95F63991CA7AD540045C030 /* Info.plist */ = {isa = PBXFileReference; lastKnownFileType = text.plist.xml; path = Info.plist; sourceTree = "<group>"; };
		D95F639E1CA7AD540045C030 /* sampleUITests.xctest */ = {isa = PBXFileReference; explicitFileType = wrapper.cfbundle; includeInIndex = 0; path = sampleUITests.xctest; sourceTree = BUILT_PRODUCTS_DIR; };
		D95F63A21CA7AD540045C030 /* sampleUITests.swift */ = {isa = PBXFileReference; lastKnownFileType = sourcecode.swift; path = sampleUITests.swift; sourceTree = "<group>"; };
		D95F63A41CA7AD540045C030 /* Info.plist */ = {isa = PBXFileReference; lastKnownFileType = text.plist.xml; path = Info.plist; sourceTree = "<group>"; };
/* End PBXFileReference section */

/* Begin PBXFrameworksBuildPhase section */
		D95F637C1CA7AD540045C030 /* Frameworks */ = {
			isa = PBXFrameworksBuildPhase;
			buildActionMask = 2147483647;
			files = (
			);
			runOnlyForDeploymentPostprocessing = 0;
		};
		D95F63901CA7AD540045C030 /* Frameworks */ = {
			isa = PBXFrameworksBuildPhase;
			buildActionMask = 2147483647;
			files = (
			);
			runOnlyForDeploymentPostprocessing = 0;
		};
		D95F639B1CA7AD540045C030 /* Frameworks */ = {
			isa = PBXFrameworksBuildPhase;
			buildActionMask = 2147483647;
			files = (
			);
			runOnlyForDeploymentPostprocessing = 0;
		};
/* End PBXFrameworksBuildPhase section */

/* Begin PBXGroup section */
		D95F63761CA7AD540045C030 = {
			isa = PBXGroup;
			children = (
				D95F63811CA7AD540045C030 /* sample */,
				D95F63961CA7AD540045C030 /* sampleTests */,
				D95F63A11CA7AD540045C030 /* sampleUITests */,
				D95F63801CA7AD540045C030 /* Products */,
			);
			sourceTree = "<group>";
		};
		D95F63801CA7AD540045C030 /* Products */ = {
			isa = PBXGroup;
			children = (
				D95F637F1CA7AD540045C030 /* sample.app */,
				D95F63931CA7AD540045C030 /* sampleTests.xctest */,
				D95F639E1CA7AD540045C030 /* sampleUITests.xctest */,
			);
			name = Products;
			sourceTree = "<group>";
		};
		D95F63811CA7AD540045C030 /* sample */ = {
			isa = PBXGroup;
			children = (
				D95F63821CA7AD540045C030 /* AppDelegate.swift */,
				D95F63841CA7AD540045C030 /* ViewController.swift */,
				D95F63861CA7AD540045C030 /* Main.storyboard */,
				D95F63891CA7AD540045C030 /* Assets.xcassets */,
				D95F638B1CA7AD540045C030 /* LaunchScreen.storyboard */,
				D95F638E1CA7AD540045C030 /* Info.plist */,
			);
			path = sample;
			sourceTree = "<group>";
		};
		D95F63961CA7AD540045C030 /* sampleTests */ = {
			isa = PBXGroup;
			children = (
				D95F63971CA7AD540045C030 /* sampleTests.swift */,
				D95F63991CA7AD540045C030 /* Info.plist */,
			);
			path = sampleTests;
			sourceTree = "<group>";
		};
		D95F63A11CA7AD540045C030 /* sampleUITests */ = {
			isa = PBXGroup;
			children = (
				D95F63A21CA7AD540045C030 /* sampleUITests.swift */,
				D95F63A41CA7AD540045C030 /* Info.plist */,
			);
			path = sampleUITests;
			sourceTree = "<group>";
		};
/* End PBXGroup section */

/* Begin PBXNativeTarget section */
		D95F637E1CA7AD540045C030 /* sample */ = {
			isa = PBXNativeTarget;
			buildConfigurationList = D95F63A71CA7AD540045C030 /* Build configuration list for PBXNativeTarget "sample" */;
			buildPhases = (
				D95F637B1CA7AD540045C030 /* Sources */,
				D95F637C1CA7AD540045C030 /* Frameworks */,
				D95F637D1CA7AD540045C030 /* Resources */,
			);
			buildRules = (
			);
			dependencies = (
			);
			name = sample;
			productName = sample;
			productReference = D95F637F1CA7AD540045C030 /* sample.app */;
			productType = "com.apple.product-type.application";
		};
		D95F63921CA7AD540045C030 /* sampleTests */ = {
			isa = PBXNativeTarget;
			buildConfigurationList = D95F63AA1CA7AD540045C030 /* Build configuration list for PBXNativeTarget "sampleTests" */;
			buildPhases = (
				D95F638F1CA7AD540045C030 /* Sources */,
				D95F63901CA7AD540045C030 /* Frameworks */,
				D95F63911CA7AD540045C030 /* Resources */,
			);
			buildRules = (
			);
			dependencies = (
				D95F63951CA7AD540045C030 /* PBXTargetDependency */,
			);
			name = sampleTests;
			productName = sampleTests;
			productReference = D95F63931CA7AD540045C030 /* sampleTests.xctest */;
			productType = "com.apple.product-type.bundle.unit-test";
		};
		D95F639D1CA7AD540045C030 /* sampleUITests */ = {
			isa = PBXNativeTarget;
			buildConfigurationList = D95F63AD1CA7AD540045C030 /* Build configuration list for PBXNativeTarget "sampleUITests" */;
			buildPhases = (
				D95F639A1CA7AD540045C030 /* Sources */,
				D95F639B1CA7AD540045C030 /* Frameworks */,
				D95F639C1CA7AD540045C030 /* Resources */,
			);
			buildRules = (
			);
			dependencies = (
				D95F63A01CA7AD540045C030 /* PBXTargetDependency */,
			);
			name = sampleUITests;
			productName = sampleUITests;
			productReference = D95F639E1CA7AD540045C030 /* sampleUITests.xctest */;
			productType = "com.apple.product-type.bundle.ui-testing";
		};
/* End PBXNativeTarget section */

/* Begin PBXProject section */
		D95F63771CA7AD540045C030 /* Project object */ = {
			isa = PBXProject;
			attributes = {
				LastSwiftUpdateCheck = 0730;
				LastUpgradeCheck = 0730;
				ORGANIZATIONNAME = sample;
				TargetAttributes = {
					D95F637E1CA7AD540045C030 = {
						CreatedOnToolsVersion = 7.3;
					};
					D95F63921CA7AD540045C030 = {
						CreatedOnToolsVersion = 7.3;
						TestTargetID = D95F637E1CA7AD540045C030;
					};
					D95F639D1CA7AD540045C030 = {
						CreatedOnToolsVersion = 7.3;
						TestTargetID = D95F637E1CA7AD540045C030;
					};
				};
			};
			buildConfigurationList = D95F637A1CA7AD540045C030 /* Build configuration list for PBXProject "sample" */;
			compatibilityVersion = "Xcode 3.2";
			developmentRegion = English;
			hasScannedForEncodings = 0;
			knownRegions = (
				en,
				Base,
			);
			mainGroup = D95F63761CA7AD540045C030;
			productRefGroup = D95F63801CA7AD540045C030 /* Products */;
			projectDirPath = "";
			projectRoot = "";
			targets = (
				D95F637E1CA7AD540045C030 /* sample */,
				D95F63921CA7AD540045C030 /* sampleTests */,
				D95F639D1CA7AD540045C030 /* sampleUITests */,
			);
		};
/* End PBXProject section */

/* Begin PBXResourcesBuildPhase section */
		D95F637D1CA7AD540045C030 /* Resources */ = {
			isa = PBXResourcesBuildPhase;
			buildActionMask = 2147483647;
			files = (
				D95F638D1CA7AD540045C030 /* LaunchScreen.storyboard in Resources */,
				D95F638A1CA7AD540045C030 /* Assets.xcassets in Resources */,
				D95F63881CA7AD540045C030 /* Main.storyboard in Resources */,
			);
			runOnlyForDeploymentPostprocessing = 0;
		};
		D95F63911CA7AD540045C030 /* Resources */ = {
			isa = PBXResourcesBuildPhase;
			buildActionMask = 2147483647;
			files = (
			);
			runOnlyForDeploymentPostprocessing = 0;
		};
		D95F639C1CA7AD540045C030 /* Resources */ = {
			isa = PBXResourcesBuildPhase;
			buildActionMask = 2147483647;
			files = (
			);
			runOnlyForDeploymentPostprocessing = 0;
		};
/* End PBXResourcesBuildPhase section */

/* Begin PBXSourcesBuildPhase section */
		D95F637B1CA7AD540045C030 /* Sources */ = {
			isa = PBXSourcesBuildPhase;
			buildActionMask = 2147483647;
			files = (
				D95F63851CA7AD540045C030 /* ViewController.swift in Sources */,
				D95F63831CA7AD540045C030 /* AppDelegate.swift in Sources */,
			);
			runOnlyForDeploymentPostprocessing = 0;
		};
		D95F638F1CA7AD540045C030 /* Sources */ = {
			isa = PBXSourcesBuildPhase;
			buildActionMask = 2147483647;
			files = (
				D95F63981CA7AD540045C030 /* sampleTests.swift in Sources */,
			);
			runOnlyForDeploymentPostprocessing = 0;
		};
		D95F639A1CA7AD540045C030 /* Sources */ = {
			isa = PBXSourcesBuildPhase;
			buildActionMask = 2147483647;
			files = (
				D95F63A31CA7AD540045C030 /* sampleUITests.swift in Sources */,
			);
			runOnlyForDeploymentPostprocessing = 0;
		};
/* End PBXSourcesBuildPhase section */

/* Begin PBXTargetDependency section */
		D95F63951CA7AD540045C030 /* PBXTargetDependency */ = {
			isa = PBXTargetDependency;
			target = D95F637E1CA7AD540045C030 /* sample */;
			targetProxy = D95F63941CA7AD540045C030 /* PBXContainerItemProxy */;
		};
		D95F63A01CA7AD540045C030 /* PBXTargetDependency */ = {
			isa = PBXTargetDependency;
			target = D95F637E1CA7AD540045C030 /* sample */;
			targetProxy = D95F639F1CA7AD540045C030 /* PBXContainerItemProxy */;
		};
/* End PBXTargetDependency section */

/* Begin PBXVariantGroup section */
		D95F63861CA7AD540045C030 /* Main.storyboard */ = {
			isa = PBXVariantGroup;
			children = (
				D95F63871CA7AD540045C030 /* Base */,
			);
			name = Main.storyboard;
			sourceTree = "<group>";
		};
		D95F638B1CA7AD540045C030 /* LaunchScreen.storyboard */ = {
			isa = PBXVariantGroup;
			children = (
				D95F638C1CA7AD540045C030 /* Base */,
			);
			name = LaunchScreen.storyboard;
			sourceTree = "<group>";
		};
/* End PBXVariantGroup section */

/* Begin XCBuildConfiguration section */
		D95F63A51CA7AD540045C030 /* Debug */ = {
			isa = XCBuildConfiguration;
			buildSettings = {
				ALWAYS_SEARCH_USER_PATHS = NO;
				CLANG_ANALYZER_NONNULL = YES;
				CLANG_CXX_LANGUAGE_STANDARD = "gnu++0x";
				CLANG_CXX_LIBRARY = "libc++";
				CLANG_ENABLE_MODULES = YES;
				CLANG_ENABLE_OBJC_ARC = YES;
				CLANG_WARN_BOOL_CONVERSION = YES;
				CLANG_WARN_CONSTANT_CONVERSION = YES;
				CLANG_WARN_DIRECT_OBJC_ISA_USAGE = YES_ERROR;
				CLANG_WARN_EMPTY_BODY = YES;
				CLANG_WARN_ENUM_CONVERSION = YES;
				CLANG_WARN_INT_CONVERSION = YES;
				CLANG_WARN_OBJC_ROOT_CLASS = YES_ERROR;
				CLANG_WARN_UNREACHABLE_CODE = YES;
				CLANG_WARN__DUPLICATE_METHOD_MATCH = YES;
				"CODE_SIGN_IDENTITY[sdk=iphoneos*]" = "iPhone Developer";
				COPY_PHASE_STRIP = NO;
				DEBUG_INFORMATION_FORMAT = dwarf;
				ENABLE_STRICT_OBJC_MSGSEND = YES;
				ENABLE_TESTABILITY = YES;
				GCC_C_LANGUAGE_STANDARD = gnu99;
				GCC_DYNAMIC_NO_PIC = NO;
				GCC_NO_COMMON_BLOCKS = YES;
				GCC_OPTIMIZATION_LEVEL = 0;
				GCC_PREPROCESSOR_DEFINITIONS = (
					"DEBUG=1",
					"$(inherited)",
				);
				GCC_WARN_64_TO_32_BIT_CONVERSION = YES;
				GCC_WARN_ABOUT_RETURN_TYPE = YES_ERROR;
				GCC_WARN_UNDECLARED_SELECTOR = YES;
				GCC_WARN_UNINITIALIZED_AUTOS = YES_AGGRESSIVE;
				GCC_WARN_UNUSED_FUNCTION = YES;
				GCC_WARN_UNUSED_VARIABLE = YES;
				IPHONEOS_DEPLOYMENT_TARGET = 9.3;
				MTL_ENABLE_DEBUG_INFO = YES;
				ONLY_ACTIVE_ARCH = YES;
				SDKROOT = iphoneos;
				SWIFT_OPTIMIZATION_LEVEL = "-Onone";
				TARGETED_DEVICE_FAMILY = "1,2";
			};
			name = Debug;
		};
		D95F63A61CA7AD540045C030 /* Release */ = {
			isa = XCBuildConfiguration;
			buildSettings = {
				ALWAYS_SEARCH_USER_PATHS = NO;
				CLANG_ANALYZER_NONNULL = YES;
				CLANG_CXX_LANGUAGE_STANDARD = "gnu++0x";
				CLANG_CXX_LIBRARY = "libc++";
				CLANG_ENABLE_MODULES = YES;
				CLANG_ENABLE_OBJC_ARC = YES;
				CLANG_WARN_BOOL_CONVERSION = YES;
				CLANG_WARN_CONSTANT_CONVERSION = YES;
				CLANG_WARN_DIRECT_OBJC_ISA_USAGE = YES_ERROR;
				CLANG_WARN_EMPTY_BODY = YES;
				CLANG_WARN_ENUM_CONVERSION = YES;
				CLANG_WARN_INT_CONVERSION = YES;
				CLANG_WARN_OBJC_ROOT_CLASS = YES_ERROR;
				CLANG_WARN_UNREACHABLE_CODE = YES;
				CLANG_WARN__DUPLICATE_METHOD_MATCH = YES;
				"CODE_SIGN_IDENTITY[sdk=iphoneos*]" = "iPhone Developer";
				COPY_PHASE_STRIP = NO;
				DEBUG_INFORMATION_FORMAT = "dwarf-with-dsym";
				ENABLE_NS_ASSERTIONS = NO;
				ENABLE_STRICT_OBJC_MSGSEND = YES;
				GCC_C_LANGUAGE_STANDARD = gnu99;
				GCC_NO_COMMON_BLOCKS = YES;
				GCC_WARN_64_TO_32_BIT_CONVERSION = YES;
				GCC_WARN_ABOUT_RETURN_TYPE = YES_ERROR;
				GCC_WARN_UNDECLARED_SELECTOR = YES;
				GCC_WARN_UNINITIALIZED_AUTOS = YES_AGGRESSIVE;
				GCC_WARN_UNUSED_FUNCTION = YES;
				GCC_WARN_UNUSED_VARIABLE = YES;
				IPHONEOS_DEPLOYMENT_TARGET = 9.3;
				MTL_ENABLE_DEBUG_INFO = NO;
				SDKROOT = iphoneos;
				TARGETED_DEVICE_FAMILY = "1,2";
				VALIDATE_PRODUCT = YES;
			};
			name = Release;
		};
		D95F63A81CA7AD540045C030 /* Debug */ = {
			isa = XCBuildConfiguration;
			buildSettings = {
				ASSETCATALOG_COMPILER_APPICON_NAME = AppIcon;
				INFOPLIST_FILE = sample/Info.plist;
				LD_RUNPATH_SEARCH_PATHS = "$(inherited) @executable_path/Frameworks";
				PRODUCT_BUNDLE_IDENTIFIER = sample.sample;
				PRODUCT_NAME = "$(TARGET_NAME)";
			};
			name = Debug;
		};
		D95F63A91CA7AD540045C030 /* Release */ = {
			isa = XCBuildConfiguration;
			buildSettings = {
				ASSETCATALOG_COMPILER_APPICON_NAME = AppIcon;
				INFOPLIST_FILE = sample/Info.plist;
				LD_RUNPATH_SEARCH_PATHS = "$(inherited) @executable_path/Frameworks";
				PRODUCT_BUNDLE_IDENTIFIER = sample.sample;
				PRODUCT_NAME = "$(TARGET_NAME)";
			};
			name = Release;
		};
		D95F63AB1CA7AD540045C030 /* Debug */ = {
			isa = XCBuildConfiguration;
			buildSettings = {
				BUNDLE_LOADER = "$(TEST_HOST)";
				INFOPLIST_FILE = sampleTests/Info.plist;
				LD_RUNPATH_SEARCH_PATHS = "$(inherited) @executable_path/Frameworks @loader_path/Frameworks";
				PRODUCT_BUNDLE_IDENTIFIER = sample.sampleTests;
				PRODUCT_NAME = "$(TARGET_NAME)";
				TEST_HOST = "$(BUILT_PRODUCTS_DIR)/sample.app/sample";
			};
			name = Debug;
		};
		D95F63AC1CA7AD540045C030 /* Release */ = {
			isa = XCBuildConfiguration;
			buildSettings = {
				BUNDLE_LOADER = "$(TEST_HOST)";
				INFOPLIST_FILE = sampleTests/Info.plist;
				LD_RUNPATH_SEARCH_PATHS = "$(inherited) @executable_path/Frameworks @loader_path/Frameworks";
				PRODUCT_BUNDLE_IDENTIFIER = sample.sampleTests;
				PRODUCT_NAME = "$(TARGET_NAME)";
				TEST_HOST = "$(BUILT_PRODUCTS_DIR)/sample.app/sample";
			};
			name = Release;
		};
		D95F63AE1CA7AD540045C030 /* Debug */ = {
			isa = XCBuildConfiguration;
			buildSettings = {
				INFOPLIST_FILE = sampleUITests/Info.plist;
				LD_RUNPATH_SEARCH_PATHS = "$(inherited) @executable_path/Frameworks @loader_path/Frameworks";
				PRODUCT_BUNDLE_IDENTIFIER = sample.sampleUITests;
				PRODUCT_NAME = "$(TARGET_NAME)";
				TEST_TARGET_NAME = sample;
			};
			name = Debug;
		};
		D95F63AF1CA7AD540045C030 /* Release */ = {
			isa = XCBuildConfiguration;
			buildSettings = {
				INFOPLIST_FILE = sampleUITests/Info.plist;
				LD_RUNPATH_SEARCH_PATHS = "$(inherited) @executable_path/Frameworks @loader_path/Frameworks";
				PRODUCT_BUNDLE_IDENTIFIER = sample.sampleUITests;
				PRODUCT_NAME = "$(TARGET_NAME)";
				TEST_TARGET_NAME = sample;
			};
			name = Release;
		};
/* End XCBuildConfiguration section */

/* Begin XCConfigurationList section */
		D95F637A1CA7AD540045C030 /* Build configuration list for PBXProject "sample" */ = {
			isa = XCConfigurationList;
			buildConfigurations = (
				D95F63A51CA7AD540045C030 /* Debug */,
				D95F63A61CA7AD540045C030 /* Release */,
			);
			defaultConfigurationIsVisible = 0;
			defaultConfigurationName = Release;
		};
		D95F63A71CA7AD540045C030 /* Build configuration list for PBXNativeTarget "sample" */ = {
			isa = XCConfigurationList;
			buildConfigurations = (
				D95F63A81CA7AD540045C030 /* Debug */,
				D95F63A91CA7AD540045C030 /* Release */,
			);
			defaultConfigurationIsVisible = 0;
		};
		D95F63AA1CA7AD540045C030 /* Build configuration list for PBXNativeTarget "sampleTests" */ = {
			isa = XCConfigurationList;
			buildConfigurations = (
				D95F63AB1CA7AD540045C030 /* Debug */,
				D95F63AC1CA7AD540045C030 /* Release */,
			);
			defaultConfigurationIsVisible = 0;
		};
		D95F63AD1CA7AD540045C030 /* Build configuration list for PBXNativeTarget "sampleUITests" */ = {
			isa = XCConfigurationList;
			buildConfigurations = (
				D95F63AE1CA7AD540045C030 /* Debug */,
				D95F63AF1CA7AD540045C030 /* Release */,
			);
			defaultConfigurationIsVisible = 0;
		};
/* End XCConfigurationList section */
	};
	rootObject = D95F63771CA7AD540045C030 /* Project object */;
}
